// !$*UTF8*$!
{
	archiveVersion = 1;
	classes = {
	};
	objectVersion = 55;
	objects = {

/* Begin PBXBuildFile section */
		AAEC4EB028ACFF8E0075EDFB /* AnyObject+Extension.swift in Sources */ = {isa = PBXBuildFile; fileRef = AAEC4EAF28ACFF8E0075EDFB /* AnyObject+Extension.swift */; };
		AAF03BB127E6EDD100937D45 /* AppDelegate.swift in Sources */ = {isa = PBXBuildFile; fileRef = AAF03BB027E6EDD100937D45 /* AppDelegate.swift */; };
		AAF03BB527E6EDD100937D45 /* ViewController.swift in Sources */ = {isa = PBXBuildFile; fileRef = AAF03BB427E6EDD100937D45 /* ViewController.swift */; };
		AAF03BB827E6EDD100937D45 /* Main.storyboard in Resources */ = {isa = PBXBuildFile; fileRef = AAF03BB627E6EDD100937D45 /* Main.storyboard */; };
		AAF03BBA27E6EDD800937D45 /* Assets.xcassets in Resources */ = {isa = PBXBuildFile; fileRef = AAF03BB927E6EDD800937D45 /* Assets.xcassets */; };
		AAF03BBD27E6EDD800937D45 /* LaunchScreen.storyboard in Resources */ = {isa = PBXBuildFile; fileRef = AAF03BBB27E6EDD800937D45 /* LaunchScreen.storyboard */; };
		AAF03BC827E6EDD800937D45 /* DependencyInjectionTests.swift in Sources */ = {isa = PBXBuildFile; fileRef = AAF03BC727E6EDD800937D45 /* DependencyInjectionTests.swift */; };
		AAF03BD227E6EDD800937D45 /* DependencyInjectionUITests.swift in Sources */ = {isa = PBXBuildFile; fileRef = AAF03BD127E6EDD800937D45 /* DependencyInjectionUITests.swift */; };
		AAF03BD427E6EDD800937D45 /* DependencyInjectionUITestsLaunchTests.swift in Sources */ = {isa = PBXBuildFile; fileRef = AAF03BD327E6EDD800937D45 /* DependencyInjectionUITestsLaunchTests.swift */; };
		AAF03BE127E6F0D200937D45 /* ViewModel.swift in Sources */ = {isa = PBXBuildFile; fileRef = AAF03BE027E6F0D200937D45 /* ViewModel.swift */; };
		AAF03BE327E6F0D900937D45 /* Repository.swift in Sources */ = {isa = PBXBuildFile; fileRef = AAF03BE227E6F0D900937D45 /* Repository.swift */; };
		AAF03BE527E6F12200937D45 /* InjectionStoryboard.swift in Sources */ = {isa = PBXBuildFile; fileRef = AAF03BE427E6F12200937D45 /* InjectionStoryboard.swift */; };
		AAF03BE727E6F3C400937D45 /* BaseViewController.swift in Sources */ = {isa = PBXBuildFile; fileRef = AAF03BE627E6F3C400937D45 /* BaseViewController.swift */; };
/* End PBXBuildFile section */

/* Begin PBXContainerItemProxy section */
		AAF03BC427E6EDD800937D45 /* PBXContainerItemProxy */ = {
			isa = PBXContainerItemProxy;
			containerPortal = AAF03BA527E6EDD100937D45 /* Project object */;
			proxyType = 1;
			remoteGlobalIDString = AAF03BAC27E6EDD100937D45;
			remoteInfo = DependencyInjection;
		};
		AAF03BCE27E6EDD800937D45 /* PBXContainerItemProxy */ = {
			isa = PBXContainerItemProxy;
			containerPortal = AAF03BA527E6EDD100937D45 /* Project object */;
			proxyType = 1;
			remoteGlobalIDString = AAF03BAC27E6EDD100937D45;
			remoteInfo = DependencyInjection;
		};
/* End PBXContainerItemProxy section */

/* Begin PBXFileReference section */
		AAEC4EAF28ACFF8E0075EDFB /* AnyObject+Extension.swift */ = {isa = PBXFileReference; lastKnownFileType = sourcecode.swift; path = "AnyObject+Extension.swift"; sourceTree = "<group>"; };
		AAF03BAD27E6EDD100937D45 /* DependencyInjection.app */ = {isa = PBXFileReference; explicitFileType = wrapper.application; includeInIndex = 0; path = DependencyInjection.app; sourceTree = BUILT_PRODUCTS_DIR; };
		AAF03BB027E6EDD100937D45 /* AppDelegate.swift */ = {isa = PBXFileReference; lastKnownFileType = sourcecode.swift; path = AppDelegate.swift; sourceTree = "<group>"; };
		AAF03BB427E6EDD100937D45 /* ViewController.swift */ = {isa = PBXFileReference; lastKnownFileType = sourcecode.swift; path = ViewController.swift; sourceTree = "<group>"; };
		AAF03BB727E6EDD100937D45 /* Base */ = {isa = PBXFileReference; lastKnownFileType = file.storyboard; name = Base; path = Base.lproj/Main.storyboard; sourceTree = "<group>"; };
		AAF03BB927E6EDD800937D45 /* Assets.xcassets */ = {isa = PBXFileReference; lastKnownFileType = folder.assetcatalog; path = Assets.xcassets; sourceTree = "<group>"; };
		AAF03BBC27E6EDD800937D45 /* Base */ = {isa = PBXFileReference; lastKnownFileType = file.storyboard; name = Base; path = Base.lproj/LaunchScreen.storyboard; sourceTree = "<group>"; };
		AAF03BBE27E6EDD800937D45 /* Info.plist */ = {isa = PBXFileReference; lastKnownFileType = text.plist.xml; path = Info.plist; sourceTree = "<group>"; };
		AAF03BC327E6EDD800937D45 /* DependencyInjectionTests.xctest */ = {isa = PBXFileReference; explicitFileType = wrapper.cfbundle; includeInIndex = 0; path = DependencyInjectionTests.xctest; sourceTree = BUILT_PRODUCTS_DIR; };
		AAF03BC727E6EDD800937D45 /* DependencyInjectionTests.swift */ = {isa = PBXFileReference; lastKnownFileType = sourcecode.swift; path = DependencyInjectionTests.swift; sourceTree = "<group>"; };
		AAF03BCD27E6EDD800937D45 /* DependencyInjectionUITests.xctest */ = {isa = PBXFileReference; explicitFileType = wrapper.cfbundle; includeInIndex = 0; path = DependencyInjectionUITests.xctest; sourceTree = BUILT_PRODUCTS_DIR; };
		AAF03BD127E6EDD800937D45 /* DependencyInjectionUITests.swift */ = {isa = PBXFileReference; lastKnownFileType = sourcecode.swift; path = DependencyInjectionUITests.swift; sourceTree = "<group>"; };
		AAF03BD327E6EDD800937D45 /* DependencyInjectionUITestsLaunchTests.swift */ = {isa = PBXFileReference; lastKnownFileType = sourcecode.swift; path = DependencyInjectionUITestsLaunchTests.swift; sourceTree = "<group>"; };
		AAF03BE027E6F0D200937D45 /* ViewModel.swift */ = {isa = PBXFileReference; lastKnownFileType = sourcecode.swift; path = ViewModel.swift; sourceTree = "<group>"; };
		AAF03BE227E6F0D900937D45 /* Repository.swift */ = {isa = PBXFileReference; lastKnownFileType = sourcecode.swift; path = Repository.swift; sourceTree = "<group>"; };
		AAF03BE427E6F12200937D45 /* InjectionStoryboard.swift */ = {isa = PBXFileReference; lastKnownFileType = sourcecode.swift; path = InjectionStoryboard.swift; sourceTree = "<group>"; };
		AAF03BE627E6F3C400937D45 /* BaseViewController.swift */ = {isa = PBXFileReference; lastKnownFileType = sourcecode.swift; path = BaseViewController.swift; sourceTree = "<group>"; };
/* End PBXFileReference section */

/* Begin PBXFrameworksBuildPhase section */
		AAF03BAA27E6EDD100937D45 /* Frameworks */ = {
			isa = PBXFrameworksBuildPhase;
			buildActionMask = 2147483647;
			files = (
			);
			runOnlyForDeploymentPostprocessing = 0;
		};
		AAF03BC027E6EDD800937D45 /* Frameworks */ = {
			isa = PBXFrameworksBuildPhase;
			buildActionMask = 2147483647;
			files = (
			);
			runOnlyForDeploymentPostprocessing = 0;
		};
		AAF03BCA27E6EDD800937D45 /* Frameworks */ = {
			isa = PBXFrameworksBuildPhase;
			buildActionMask = 2147483647;
			files = (
			);
			runOnlyForDeploymentPostprocessing = 0;
		};
/* End PBXFrameworksBuildPhase section */

/* Begin PBXGroup section */
		AAF03BA427E6EDD100937D45 = {
			isa = PBXGroup;
			children = (
				AAF03BAF27E6EDD100937D45 /* DependencyInjection */,
				AAF03BC627E6EDD800937D45 /* DependencyInjectionTests */,
				AAF03BD027E6EDD800937D45 /* DependencyInjectionUITests */,
				AAF03BAE27E6EDD100937D45 /* Products */,
			);
			sourceTree = "<group>";
		};
		AAF03BAE27E6EDD100937D45 /* Products */ = {
			isa = PBXGroup;
			children = (
				AAF03BAD27E6EDD100937D45 /* DependencyInjection.app */,
				AAF03BC327E6EDD800937D45 /* DependencyInjectionTests.xctest */,
				AAF03BCD27E6EDD800937D45 /* DependencyInjectionUITests.xctest */,
			);
			name = Products;
			sourceTree = "<group>";
		};
		AAF03BAF27E6EDD100937D45 /* DependencyInjection */ = {
			isa = PBXGroup;
			children = (
				AAF03BB027E6EDD100937D45 /* AppDelegate.swift */,
				AAF03BE627E6F3C400937D45 /* BaseViewController.swift */,
				AAF03BB427E6EDD100937D45 /* ViewController.swift */,
				AAF03BE027E6F0D200937D45 /* ViewModel.swift */,
				AAF03BE227E6F0D900937D45 /* Repository.swift */,
				AAF03BE427E6F12200937D45 /* InjectionStoryboard.swift */,
				AAEC4EAF28ACFF8E0075EDFB /* AnyObject+Extension.swift */,
				AAF03BB627E6EDD100937D45 /* Main.storyboard */,
				AAF03BB927E6EDD800937D45 /* Assets.xcassets */,
				AAF03BBB27E6EDD800937D45 /* LaunchScreen.storyboard */,
				AAF03BBE27E6EDD800937D45 /* Info.plist */,
			);
			path = DependencyInjection;
			sourceTree = "<group>";
		};
		AAF03BC627E6EDD800937D45 /* DependencyInjectionTests */ = {
			isa = PBXGroup;
			children = (
				AAF03BC727E6EDD800937D45 /* DependencyInjectionTests.swift */,
			);
			path = DependencyInjectionTests;
			sourceTree = "<group>";
		};
		AAF03BD027E6EDD800937D45 /* DependencyInjectionUITests */ = {
			isa = PBXGroup;
			children = (
				AAF03BD127E6EDD800937D45 /* DependencyInjectionUITests.swift */,
				AAF03BD327E6EDD800937D45 /* DependencyInjectionUITestsLaunchTests.swift */,
			);
			path = DependencyInjectionUITests;
			sourceTree = "<group>";
		};
/* End PBXGroup section */

/* Begin PBXNativeTarget section */
		AAF03BAC27E6EDD100937D45 /* DependencyInjection */ = {
			isa = PBXNativeTarget;
			buildConfigurationList = AAF03BD727E6EDD800937D45 /* Build configuration list for PBXNativeTarget "DependencyInjection" */;
			buildPhases = (
				AAF03BA927E6EDD100937D45 /* Sources */,
				AAF03BAA27E6EDD100937D45 /* Frameworks */,
				AAF03BAB27E6EDD100937D45 /* Resources */,
			);
			buildRules = (
			);
			dependencies = (
			);
			name = DependencyInjection;
			productName = DependencyInjection;
			productReference = AAF03BAD27E6EDD100937D45 /* DependencyInjection.app */;
			productType = "com.apple.product-type.application";
		};
		AAF03BC227E6EDD800937D45 /* DependencyInjectionTests */ = {
			isa = PBXNativeTarget;
			buildConfigurationList = AAF03BDA27E6EDD800937D45 /* Build configuration list for PBXNativeTarget "DependencyInjectionTests" */;
			buildPhases = (
				AAF03BBF27E6EDD800937D45 /* Sources */,
				AAF03BC027E6EDD800937D45 /* Frameworks */,
				AAF03BC127E6EDD800937D45 /* Resources */,
			);
			buildRules = (
			);
			dependencies = (
				AAF03BC527E6EDD800937D45 /* PBXTargetDependency */,
			);
			name = DependencyInjectionTests;
			productName = DependencyInjectionTests;
			productReference = AAF03BC327E6EDD800937D45 /* DependencyInjectionTests.xctest */;
			productType = "com.apple.product-type.bundle.unit-test";
		};
		AAF03BCC27E6EDD800937D45 /* DependencyInjectionUITests */ = {
			isa = PBXNativeTarget;
			buildConfigurationList = AAF03BDD27E6EDD800937D45 /* Build configuration list for PBXNativeTarget "DependencyInjectionUITests" */;
			buildPhases = (
				AAF03BC927E6EDD800937D45 /* Sources */,
				AAF03BCA27E6EDD800937D45 /* Frameworks */,
				AAF03BCB27E6EDD800937D45 /* Resources */,
			);
			buildRules = (
			);
			dependencies = (
				AAF03BCF27E6EDD800937D45 /* PBXTargetDependency */,
			);
			name = DependencyInjectionUITests;
			productName = DependencyInjectionUITests;
			productReference = AAF03BCD27E6EDD800937D45 /* DependencyInjectionUITests.xctest */;
			productType = "com.apple.product-type.bundle.ui-testing";
		};
/* End PBXNativeTarget section */

/* Begin PBXProject section */
		AAF03BA527E6EDD100937D45 /* Project object */ = {
			isa = PBXProject;
			attributes = {
				BuildIndependentTargetsInParallel = 1;
				LastSwiftUpdateCheck = 1330;
				LastUpgradeCheck = 1330;
				TargetAttributes = {
					AAF03BAC27E6EDD100937D45 = {
						CreatedOnToolsVersion = 13.3;
					};
					AAF03BC227E6EDD800937D45 = {
						CreatedOnToolsVersion = 13.3;
						TestTargetID = AAF03BAC27E6EDD100937D45;
					};
					AAF03BCC27E6EDD800937D45 = {
						CreatedOnToolsVersion = 13.3;
						TestTargetID = AAF03BAC27E6EDD100937D45;
					};
				};
			};
			buildConfigurationList = AAF03BA827E6EDD100937D45 /* Build configuration list for PBXProject "DependencyInjection" */;
			compatibilityVersion = "Xcode 13.0";
			developmentRegion = en;
			hasScannedForEncodings = 0;
			knownRegions = (
				en,
				Base,
			);
			mainGroup = AAF03BA427E6EDD100937D45;
			productRefGroup = AAF03BAE27E6EDD100937D45 /* Products */;
			projectDirPath = "";
			projectRoot = "";
			targets = (
				AAF03BAC27E6EDD100937D45 /* DependencyInjection */,
				AAF03BC227E6EDD800937D45 /* DependencyInjectionTests */,
				AAF03BCC27E6EDD800937D45 /* DependencyInjectionUITests */,
			);
		};
/* End PBXProject section */

/* Begin PBXResourcesBuildPhase section */
		AAF03BAB27E6EDD100937D45 /* Resources */ = {
			isa = PBXResourcesBuildPhase;
			buildActionMask = 2147483647;
			files = (
				AAF03BBD27E6EDD800937D45 /* LaunchScreen.storyboard in Resources */,
				AAF03BBA27E6EDD800937D45 /* Assets.xcassets in Resources */,
				AAF03BB827E6EDD100937D45 /* Main.storyboard in Resources */,
			);
			runOnlyForDeploymentPostprocessing = 0;
		};
		AAF03BC127E6EDD800937D45 /* Resources */ = {
			isa = PBXResourcesBuildPhase;
			buildActionMask = 2147483647;
			files = (
			);
			runOnlyForDeploymentPostprocessing = 0;
		};
		AAF03BCB27E6EDD800937D45 /* Resources */ = {
			isa = PBXResourcesBuildPhase;
			buildActionMask = 2147483647;
			files = (
			);
			runOnlyForDeploymentPostprocessing = 0;
		};
/* End PBXResourcesBuildPhase section */

/* Begin PBXSourcesBuildPhase section */
		AAF03BA927E6EDD100937D45 /* Sources */ = {
			isa = PBXSourcesBuildPhase;
			buildActionMask = 2147483647;
			files = (
				AAF03BB527E6EDD100937D45 /* ViewController.swift in Sources */,
				AAF03BE527E6F12200937D45 /* InjectionStoryboard.swift in Sources */,
				AAEC4EB028ACFF8E0075EDFB /* AnyObject+Extension.swift in Sources */,
				AAF03BE127E6F0D200937D45 /* ViewModel.swift in Sources */,
				AAF03BB127E6EDD100937D45 /* AppDelegate.swift in Sources */,
				AAF03BE327E6F0D900937D45 /* Repository.swift in Sources */,
				AAF03BE727E6F3C400937D45 /* BaseViewController.swift in Sources */,
			);
			runOnlyForDeploymentPostprocessing = 0;
		};
		AAF03BBF27E6EDD800937D45 /* Sources */ = {
			isa = PBXSourcesBuildPhase;
			buildActionMask = 2147483647;
			files = (
				AAF03BC827E6EDD800937D45 /* DependencyInjectionTests.swift in Sources */,
			);
			runOnlyForDeploymentPostprocessing = 0;
		};
		AAF03BC927E6EDD800937D45 /* Sources */ = {
			isa = PBXSourcesBuildPhase;
			buildActionMask = 2147483647;
			files = (
				AAF03BD227E6EDD800937D45 /* DependencyInjectionUITests.swift in Sources */,
				AAF03BD427E6EDD800937D45 /* DependencyInjectionUITestsLaunchTests.swift in Sources */,
			);
			runOnlyForDeploymentPostprocessing = 0;
		};
/* End PBXSourcesBuildPhase section */

/* Begin PBXTargetDependency section */
		AAF03BC527E6EDD800937D45 /* PBXTargetDependency */ = {
			isa = PBXTargetDependency;
			target = AAF03BAC27E6EDD100937D45 /* DependencyInjection */;
			targetProxy = AAF03BC427E6EDD800937D45 /* PBXContainerItemProxy */;
		};
		AAF03BCF27E6EDD800937D45 /* PBXTargetDependency */ = {
			isa = PBXTargetDependency;
			target = AAF03BAC27E6EDD100937D45 /* DependencyInjection */;
			targetProxy = AAF03BCE27E6EDD800937D45 /* PBXContainerItemProxy */;
		};
/* End PBXTargetDependency section */

/* Begin PBXVariantGroup section */
		AAF03BB627E6EDD100937D45 /* Main.storyboard */ = {
			isa = PBXVariantGroup;
			children = (
				AAF03BB727E6EDD100937D45 /* Base */,
			);
			name = Main.storyboard;
			sourceTree = "<group>";
		};
		AAF03BBB27E6EDD800937D45 /* LaunchScreen.storyboard */ = {
			isa = PBXVariantGroup;
			children = (
				AAF03BBC27E6EDD800937D45 /* Base */,
			);
			name = LaunchScreen.storyboard;
			sourceTree = "<group>";
		};
/* End PBXVariantGroup section */

/* Begin XCBuildConfiguration section */
		AAF03BD527E6EDD800937D45 /* Debug */ = {
			isa = XCBuildConfiguration;
			buildSettings = {
				ALWAYS_SEARCH_USER_PATHS = NO;
				CLANG_ANALYZER_NONNULL = YES;
				CLANG_ANALYZER_NUMBER_OBJECT_CONVERSION = YES_AGGRESSIVE;
				CLANG_CXX_LANGUAGE_STANDARD = "gnu++17";
				CLANG_ENABLE_MODULES = YES;
				CLANG_ENABLE_OBJC_ARC = YES;
				CLANG_ENABLE_OBJC_WEAK = YES;
				CLANG_WARN_BLOCK_CAPTURE_AUTORELEASING = YES;
				CLANG_WARN_BOOL_CONVERSION = YES;
				CLANG_WARN_COMMA = YES;
				CLANG_WARN_CONSTANT_CONVERSION = YES;
				CLANG_WARN_DEPRECATED_OBJC_IMPLEMENTATIONS = YES;
				CLANG_WARN_DIRECT_OBJC_ISA_USAGE = YES_ERROR;
				CLANG_WARN_DOCUMENTATION_COMMENTS = YES;
				CLANG_WARN_EMPTY_BODY = YES;
				CLANG_WARN_ENUM_CONVERSION = YES;
				CLANG_WARN_INFINITE_RECURSION = YES;
				CLANG_WARN_INT_CONVERSION = YES;
				CLANG_WARN_NON_LITERAL_NULL_CONVERSION = YES;
				CLANG_WARN_OBJC_IMPLICIT_RETAIN_SELF = YES;
				CLANG_WARN_OBJC_LITERAL_CONVERSION = YES;
				CLANG_WARN_OBJC_ROOT_CLASS = YES_ERROR;
				CLANG_WARN_QUOTED_INCLUDE_IN_FRAMEWORK_HEADER = YES;
				CLANG_WARN_RANGE_LOOP_ANALYSIS = YES;
				CLANG_WARN_STRICT_PROTOTYPES = YES;
				CLANG_WARN_SUSPICIOUS_MOVE = YES;
				CLANG_WARN_UNGUARDED_AVAILABILITY = YES_AGGRESSIVE;
				CLANG_WARN_UNREACHABLE_CODE = YES;
				CLANG_WARN__DUPLICATE_METHOD_MATCH = YES;
				COPY_PHASE_STRIP = NO;
				DEBUG_INFORMATION_FORMAT = dwarf;
				ENABLE_STRICT_OBJC_MSGSEND = YES;
				ENABLE_TESTABILITY = YES;
				GCC_C_LANGUAGE_STANDARD = gnu11;
				GCC_DYNAMIC_NO_PIC = NO;
				GCC_NO_COMMON_BLOCKS = YES;
				GCC_OPTIMIZATION_LEVEL = 0;
				GCC_PREPROCESSOR_DEFINITIONS = (
					"DEBUG=1",
					"$(inherited)",
				);
				GCC_WARN_64_TO_32_BIT_CONVERSION = YES;
				GCC_WARN_ABOUT_RETURN_TYPE = YES_ERROR;
				GCC_WARN_UNDECLARED_SELECTOR = YES;
				GCC_WARN_UNINITIALIZED_AUTOS = YES_AGGRESSIVE;
				GCC_WARN_UNUSED_FUNCTION = YES;
				GCC_WARN_UNUSED_VARIABLE = YES;
				IPHONEOS_DEPLOYMENT_TARGET = 15.4;
				MTL_ENABLE_DEBUG_INFO = INCLUDE_SOURCE;
				MTL_FAST_MATH = YES;
				ONLY_ACTIVE_ARCH = YES;
				SDKROOT = iphoneos;
				SWIFT_ACTIVE_COMPILATION_CONDITIONS = DEBUG;
				SWIFT_OPTIMIZATION_LEVEL = "-Onone";
			};
			name = Debug;
		};
		AAF03BD627E6EDD800937D45 /* Release */ = {
			isa = XCBuildConfiguration;
			buildSettings = {
				ALWAYS_SEARCH_USER_PATHS = NO;
				CLANG_ANALYZER_NONNULL = YES;
				CLANG_ANALYZER_NUMBER_OBJECT_CONVERSION = YES_AGGRESSIVE;
				CLANG_CXX_LANGUAGE_STANDARD = "gnu++17";
				CLANG_ENABLE_MODULES = YES;
				CLANG_ENABLE_OBJC_ARC = YES;
				CLANG_ENABLE_OBJC_WEAK = YES;
				CLANG_WARN_BLOCK_CAPTURE_AUTORELEASING = YES;
				CLANG_WARN_BOOL_CONVERSION = YES;
				CLANG_WARN_COMMA = YES;
				CLANG_WARN_CONSTANT_CONVERSION = YES;
				CLANG_WARN_DEPRECATED_OBJC_IMPLEMENTATIONS = YES;
				CLANG_WARN_DIRECT_OBJC_ISA_USAGE = YES_ERROR;
				CLANG_WARN_DOCUMENTATION_COMMENTS = YES;
				CLANG_WARN_EMPTY_BODY = YES;
				CLANG_WARN_ENUM_CONVERSION = YES;
				CLANG_WARN_INFINITE_RECURSION = YES;
				CLANG_WARN_INT_CONVERSION = YES;
				CLANG_WARN_NON_LITERAL_NULL_CONVERSION = YES;
				CLANG_WARN_OBJC_IMPLICIT_RETAIN_SELF = YES;
				CLANG_WARN_OBJC_LITERAL_CONVERSION = YES;
				CLANG_WARN_OBJC_ROOT_CLASS = YES_ERROR;
				CLANG_WARN_QUOTED_INCLUDE_IN_FRAMEWORK_HEADER = YES;
				CLANG_WARN_RANGE_LOOP_ANALYSIS = YES;
				CLANG_WARN_STRICT_PROTOTYPES = YES;
				CLANG_WARN_SUSPICIOUS_MOVE = YES;
				CLANG_WARN_UNGUARDED_AVAILABILITY = YES_AGGRESSIVE;
				CLANG_WARN_UNREACHABLE_CODE = YES;
				CLANG_WARN__DUPLICATE_METHOD_MATCH = YES;
				COPY_PHASE_STRIP = NO;
				DEBUG_INFORMATION_FORMAT = "dwarf-with-dsym";
				ENABLE_NS_ASSERTIONS = NO;
				ENABLE_STRICT_OBJC_MSGSEND = YES;
				GCC_C_LANGUAGE_STANDARD = gnu11;
				GCC_NO_COMMON_BLOCKS = YES;
				GCC_WARN_64_TO_32_BIT_CONVERSION = YES;
				GCC_WARN_ABOUT_RETURN_TYPE = YES_ERROR;
				GCC_WARN_UNDECLARED_SELECTOR = YES;
				GCC_WARN_UNINITIALIZED_AUTOS = YES_AGGRESSIVE;
				GCC_WARN_UNUSED_FUNCTION = YES;
				GCC_WARN_UNUSED_VARIABLE = YES;
				IPHONEOS_DEPLOYMENT_TARGET = 15.4;
				MTL_ENABLE_DEBUG_INFO = NO;
				MTL_FAST_MATH = YES;
				SDKROOT = iphoneos;
				SWIFT_COMPILATION_MODE = wholemodule;
				SWIFT_OPTIMIZATION_LEVEL = "-O";
				VALIDATE_PRODUCT = YES;
			};
			name = Release;
		};
		AAF03BD827E6EDD800937D45 /* Debug */ = {
			isa = XCBuildConfiguration;
			buildSettings = {
				ASSETCATALOG_COMPILER_APPICON_NAME = AppIcon;
				ASSETCATALOG_COMPILER_GLOBAL_ACCENT_COLOR_NAME = AccentColor;
				CODE_SIGN_STYLE = Automatic;
				CURRENT_PROJECT_VERSION = 1;
				GENERATE_INFOPLIST_FILE = YES;
				INFOPLIST_FILE = DependencyInjection/Info.plist;
				INFOPLIST_KEY_UIApplicationSupportsIndirectInputEvents = YES;
				INFOPLIST_KEY_UILaunchStoryboardName = LaunchScreen;
				INFOPLIST_KEY_UIMainStoryboardFile = Main;
				INFOPLIST_KEY_UISupportedInterfaceOrientations_iPad = "UIInterfaceOrientationPortrait UIInterfaceOrientationPortraitUpsideDown UIInterfaceOrientationLandscapeLeft UIInterfaceOrientationLandscapeRight";
				INFOPLIST_KEY_UISupportedInterfaceOrientations_iPhone = "UIInterfaceOrientationPortrait UIInterfaceOrientationLandscapeLeft UIInterfaceOrientationLandscapeRight";
				IPHONEOS_DEPLOYMENT_TARGET = 11.0;
				LD_RUNPATH_SEARCH_PATHS = (
					"$(inherited)",
					"@executable_path/Frameworks",
				);
				MARKETING_VERSION = 1.0;
				PRODUCT_BUNDLE_IDENTIFIER = MINRYUL.DependencyInjection;
				PRODUCT_NAME = "$(TARGET_NAME)";
				SWIFT_EMIT_LOC_STRINGS = YES;
				SWIFT_VERSION = 5.0;
				TARGETED_DEVICE_FAMILY = "1,2";
			};
			name = Debug;
		};
		AAF03BD927E6EDD800937D45 /* Release */ = {
			isa = XCBuildConfiguration;
			buildSettings = {
				ASSETCATALOG_COMPILER_APPICON_NAME = AppIcon;
				ASSETCATALOG_COMPILER_GLOBAL_ACCENT_COLOR_NAME = AccentColor;
				CODE_SIGN_STYLE = Automatic;
				CURRENT_PROJECT_VERSION = 1;
				GENERATE_INFOPLIST_FILE = YES;
				INFOPLIST_FILE = DependencyInjection/Info.plist;
				INFOPLIST_KEY_UIApplicationSupportsIndirectInputEvents = YES;
				INFOPLIST_KEY_UILaunchStoryboardName = LaunchScreen;
				INFOPLIST_KEY_UIMainStoryboardFile = Main;
				INFOPLIST_KEY_UISupportedInterfaceOrientations_iPad = "UIInterfaceOrientationPortrait UIInterfaceOrientationPortraitUpsideDown UIInterfaceOrientationLandscapeLeft UIInterfaceOrientationLandscapeRight";
				INFOPLIST_KEY_UISupportedInterfaceOrientations_iPhone = "UIInterfaceOrientationPortrait UIInterfaceOrientationLandscapeLeft UIInterfaceOrientationLandscapeRight";
				IPHONEOS_DEPLOYMENT_TARGET = 11.0;
				LD_RUNPATH_SEARCH_PATHS = (
					"$(inherited)",
					"@executable_path/Frameworks",
				);
				MARKETING_VERSION = 1.0;
				PRODUCT_BUNDLE_IDENTIFIER = MINRYUL.DependencyInjection;
				PRODUCT_NAME = "$(TARGET_NAME)";
				SWIFT_EMIT_LOC_STRINGS = YES;
				SWIFT_VERSION = 5.0;
				TARGETED_DEVICE_FAMILY = "1,2";
			};
			name = Release;
		};
		AAF03BDB27E6EDD800937D45 /* Debug */ = {
			isa = XCBuildConfiguration;
			buildSettings = {
				ALWAYS_EMBED_SWIFT_STANDARD_LIBRARIES = YES;
				BUNDLE_LOADER = "$(TEST_HOST)";
				CODE_SIGN_STYLE = Automatic;
				CURRENT_PROJECT_VERSION = 1;
				GENERATE_INFOPLIST_FILE = YES;
				IPHONEOS_DEPLOYMENT_TARGET = 15.4;
				MARKETING_VERSION = 1.0;
				PRODUCT_BUNDLE_IDENTIFIER = MINRYUL.DependencyInjectionTests;
				PRODUCT_NAME = "$(TARGET_NAME)";
				SWIFT_EMIT_LOC_STRINGS = NO;
				SWIFT_VERSION = 5.0;
				TARGETED_DEVICE_FAMILY = "1,2";
				TEST_HOST = "$(BUILT_PRODUCTS_DIR)/DependencyInjection.app/DependencyInjection";
			};
			name = Debug;
		};
		AAF03BDC27E6EDD800937D45 /* Release */ = {
			isa = XCBuildConfiguration;
			buildSettings = {
				ALWAYS_EMBED_SWIFT_STANDARD_LIBRARIES = YES;
				BUNDLE_LOADER = "$(TEST_HOST)";
				CODE_SIGN_STYLE = Automatic;
				CURRENT_PROJECT_VERSION = 1;
				GENERATE_INFOPLIST_FILE = YES;
				IPHONEOS_DEPLOYMENT_TARGET = 15.4;
				MARKETING_VERSION = 1.0;
				PRODUCT_BUNDLE_IDENTIFIER = MINRYUL.DependencyInjectionTests;
				PRODUCT_NAME = "$(TARGET_NAME)";
				SWIFT_EMIT_LOC_STRINGS = NO;
				SWIFT_VERSION = 5.0;
				TARGETED_DEVICE_FAMILY = "1,2";
				TEST_HOST = "$(BUILT_PRODUCTS_DIR)/DependencyInjection.app/DependencyInjection";
			};
			name = Release;
		};
		AAF03BDE27E6EDD800937D45 /* Debug */ = {
			isa = XCBuildConfiguration;
			buildSettings = {
				ALWAYS_EMBED_SWIFT_STANDARD_LIBRARIES = YES;
				CODE_SIGN_STYLE = Automatic;
				CURRENT_PROJECT_VERSION = 1;
				GENERATE_INFOPLIST_FILE = YES;
				MARKETING_VERSION = 1.0;
				PRODUCT_BUNDLE_IDENTIFIER = MINRYUL.DependencyInjectionUITests;
				PRODUCT_NAME = "$(TARGET_NAME)";
				SWIFT_EMIT_LOC_STRINGS = NO;
				SWIFT_VERSION = 5.0;
				TARGETED_DEVICE_FAMILY = "1,2";
				TEST_TARGET_NAME = DependencyInjection;
			};
			name = Debug;
		};
		AAF03BDF27E6EDD800937D45 /* Release */ = {
			isa = XCBuildConfiguration;
			buildSettings = {
				ALWAYS_EMBED_SWIFT_STANDARD_LIBRARIES = YES;
				CODE_SIGN_STYLE = Automatic;
				CURRENT_PROJECT_VERSION = 1;
				GENERATE_INFOPLIST_FILE = YES;
				MARKETING_VERSION = 1.0;
				PRODUCT_BUNDLE_IDENTIFIER = MINRYUL.DependencyInjectionUITests;
				PRODUCT_NAME = "$(TARGET_NAME)";
				SWIFT_EMIT_LOC_STRINGS = NO;
				SWIFT_VERSION = 5.0;
				TARGETED_DEVICE_FAMILY = "1,2";
				TEST_TARGET_NAME = DependencyInjection;
			};
			name = Release;
		};
/* End XCBuildConfiguration section */

/* Begin XCConfigurationList section */
		AAF03BA827E6EDD100937D45 /* Build configuration list for PBXProject "DependencyInjection" */ = {
			isa = XCConfigurationList;
			buildConfigurations = (
				AAF03BD527E6EDD800937D45 /* Debug */,
				AAF03BD627E6EDD800937D45 /* Release */,
			);
			defaultConfigurationIsVisible = 0;
			defaultConfigurationName = Release;
		};
		AAF03BD727E6EDD800937D45 /* Build configuration list for PBXNativeTarget "DependencyInjection" */ = {
			isa = XCConfigurationList;
			buildConfigurations = (
				AAF03BD827E6EDD800937D45 /* Debug */,
				AAF03BD927E6EDD800937D45 /* Release */,
			);
			defaultConfigurationIsVisible = 0;
			defaultConfigurationName = Release;
		};
		AAF03BDA27E6EDD800937D45 /* Build configuration list for PBXNativeTarget "DependencyInjectionTests" */ = {
			isa = XCConfigurationList;
			buildConfigurations = (
				AAF03BDB27E6EDD800937D45 /* Debug */,
				AAF03BDC27E6EDD800937D45 /* Release */,
			);
			defaultConfigurationIsVisible = 0;
			defaultConfigurationName = Release;
		};
		AAF03BDD27E6EDD800937D45 /* Build configuration list for PBXNativeTarget "DependencyInjectionUITests" */ = {
			isa = XCConfigurationList;
			buildConfigurations = (
				AAF03BDE27E6EDD800937D45 /* Debug */,
				AAF03BDF27E6EDD800937D45 /* Release */,
			);
			defaultConfigurationIsVisible = 0;
			defaultConfigurationName = Release;
		};
/* End XCConfigurationList section */
	};
	rootObject = AAF03BA527E6EDD100937D45 /* Project object */;
}
